schema: '2.0'
stages:
  data_ingestion:
    cmd: python src/CoccidiosisDetector/pipeline/stage_01_data_ingestion.py
    deps:
    - path: config/config.yaml
      hash: md5
      md5: d6a59d48c7f5c604619571b20887eff0
      size: 816
    - path: src/CoccidiosisDetector/pipeline/stage_01_data_ingestion.py
      hash: md5
      md5: 72d7370587578acdeefdde69d6331572
      size: 943
    outs:
    - path: artifacts/data_ingestion/Chicken-fecal-images
      hash: md5
      md5: 9e1f8dd2eae3c29e9d635df89d438ae4.dir
      size: 12207807
      nfiles: 390
  prepare_base_model:
    cmd: python src/CoccidiosisDetector/pipeline/stage_02_prepare_base_model.py
    deps:
    - path: config/config.yaml
      hash: md5
      md5: d6a59d48c7f5c604619571b20887eff0
      size: 816
    - path: src/CoccidiosisDetector/pipeline/stage_02_prepare_base_model.py
      hash: md5
      md5: 98e95178b7fcc9ec5b8a3cf888a07ab6
      size: 1033
    params:
      params.yaml:
        CLASSES: 2
        IMAGE_SIZE:
        - 224
        - 224
        - 3
        INCLUDE_TOP: false
        LEARNING_RATE: 0.01
        WEIGHTS: imagenet
    outs:
    - path: artifacts/prepare_base_model
      hash: md5
      md5: 5799860bcb4a00672b4eccddc57cd34d.dir
      size: 118059248
      nfiles: 2
  training:
    cmd: python src/CoccidiosisDetector/pipeline/stage_03_training.py
    deps:
    - path: artifacts/data_ingestion/Chicken-fecal-images
      hash: md5
      md5: 9e1f8dd2eae3c29e9d635df89d438ae4.dir
      size: 12207807
      nfiles: 390
    - path: artifacts/prepare_base_model
      hash: md5
      md5: 5799860bcb4a00672b4eccddc57cd34d.dir
      size: 118059248
      nfiles: 2
    - path: config/config.yaml
      hash: md5
      md5: d6a59d48c7f5c604619571b20887eff0
      size: 816
    - path: src/CoccidiosisDetector/components/prepare_callbacks.py
      hash: md5
      md5: 45c951ebaf61d65d21541c3b414ffec3
      size: 1025
    - path: src/CoccidiosisDetector/pipeline/stage_03_training.py
      hash: md5
      md5: c20cc2922375f1156b6a2c9703c8083b
      size: 1304
    params:
      params.yaml:
        AUGMENTATION: true
        BATCH_SIZE: 16
        EPOCHS: 1
        IMAGE_SIZE:
        - 224
        - 224
        - 3
    outs:
    - path: artifacts/training/model.h5
      hash: md5
      md5: a8e9fb141cfd4bbb7706aaae84e75d1d
      size: 59340720
  evaluation:
    cmd: python src/CoccidiosisDetector/pipeline/stage_04_evaluation.py
    deps:
    - path: artifacts/data_ingestion/Chicken-fecal-images
      hash: md5
      md5: 9e1f8dd2eae3c29e9d635df89d438ae4.dir
      size: 12207807
      nfiles: 390
    - path: artifacts/training/model.h5
      hash: md5
      md5: a8e9fb141cfd4bbb7706aaae84e75d1d
      size: 59340720
    - path: config/config.yaml
      hash: md5
      md5: d6a59d48c7f5c604619571b20887eff0
      size: 816
    - path: src/CoccidiosisDetector/pipeline/stage_04_evaluation.py
      hash: md5
      md5: a75c6622e478d834c5d92e480495de22
      size: 911
    params:
      params.yaml:
        BATCH_SIZE: 16
        IMAGE_SIZE:
        - 224
        - 224
        - 3
    outs:
    - path: scores.json
      hash: md5
      md5: c77c55242ae9929f6ed54005d41f1d9e
      size: 72
